// !$*UTF8*$!
{
	archiveVersion = 1;
	classes = {
	};
	objectVersion = 55;
	objects = {

/* Begin PBXBuildFile section */
		C86DD967286A717D006F9A0A /* AddGoalTemplate.swift in Sources */ = {isa = PBXBuildFile; fileRef = C86DD965286A717D006F9A0A /* AddGoalTemplate.swift */; };
		C86DD968286A717D006F9A0A /* AddNewGoalView.swift in Sources */ = {isa = PBXBuildFile; fileRef = C86DD966286A717D006F9A0A /* AddNewGoalView.swift */; };
		C8A8813F286DD7E40098866C /* SettingViewModel.swift in Sources */ = {isa = PBXBuildFile; fileRef = C8A8813E286DD7E40098866C /* SettingViewModel.swift */; };
		CB6CF970286B4AB900828A54 /* GoalViewItem.swift in Sources */ = {isa = PBXBuildFile; fileRef = CB6CF96F286B4AB900828A54 /* GoalViewItem.swift */; };
		CB6CF974286B634300828A54 /* SwiftUINavigation in Frameworks */ = {isa = PBXBuildFile; productRef = CB6CF973286B634300828A54 /* SwiftUINavigation */; };
		CB6CF97B286C240400828A54 /* Binding.swift in Sources */ = {isa = PBXBuildFile; fileRef = CB6CF97A286C240400828A54 /* Binding.swift */; };
		CB6CF97D286C2B9D00828A54 /* AddNewGoalViewModel.swift in Sources */ = {isa = PBXBuildFile; fileRef = CB6CF97C286C2B9D00828A54 /* AddNewGoalViewModel.swift */; };
		CB6CF981286CA92D00828A54 /* Introspect in Frameworks */ = {isa = PBXBuildFile; productRef = CB6CF980286CA92D00828A54 /* Introspect */; };
		CB6CF9A0286DC76600828A54 /* OnboardingMainView.swift in Sources */ = {isa = PBXBuildFile; fileRef = CB6CF99F286DC76600828A54 /* OnboardingMainView.swift */; };
		CB9449EA286E9CAC0008A35F /* SegmentedControls.swift in Sources */ = {isa = PBXBuildFile; fileRef = CB9449E9286E9CAC0008A35F /* SegmentedControls.swift */; };
		CB9449ED286EA76F0008A35F /* SetTaskViewModel.swift in Sources */ = {isa = PBXBuildFile; fileRef = CB9449EC286EA76F0008A35F /* SetTaskViewModel.swift */; };
		CB9449EF286EA7D90008A35F /* TaskView.swift in Sources */ = {isa = PBXBuildFile; fileRef = CB9449EE286EA7D90008A35F /* TaskView.swift */; };
		CBE314942862F3F500E88F35 /* GoalTrackerApp.swift in Sources */ = {isa = PBXBuildFile; fileRef = CBE314932862F3F500E88F35 /* GoalTrackerApp.swift */; };
		CBE314982862F3F600E88F35 /* Assets.xcassets in Resources */ = {isa = PBXBuildFile; fileRef = CBE314972862F3F600E88F35 /* Assets.xcassets */; };
		CBE3149B2862F3F600E88F35 /* Preview Assets.xcassets in Resources */ = {isa = PBXBuildFile; fileRef = CBE3149A2862F3F600E88F35 /* Preview Assets.xcassets */; };
		CBE3149D2862F3F600E88F35 /* PersistenceController.swift in Sources */ = {isa = PBXBuildFile; fileRef = CBE3149C2862F3F600E88F35 /* PersistenceController.swift */; };
		CBE314A02862F3F600E88F35 /* GoalTracker.xcdatamodeld in Sources */ = {isa = PBXBuildFile; fileRef = CBE3149E2862F3F600E88F35 /* GoalTracker.xcdatamodeld */; };
		CBE314AA2862F3F600E88F35 /* GoalTrackerTests.swift in Sources */ = {isa = PBXBuildFile; fileRef = CBE314A92862F3F600E88F35 /* GoalTrackerTests.swift */; };
		CBE314B42862F3F600E88F35 /* GoalTrackerUITests.swift in Sources */ = {isa = PBXBuildFile; fileRef = CBE314B32862F3F600E88F35 /* GoalTrackerUITests.swift */; };
		CBE314B62862F3F600E88F35 /* GoalTrackerUITestsLaunchTests.swift in Sources */ = {isa = PBXBuildFile; fileRef = CBE314B52862F3F600E88F35 /* GoalTrackerUITestsLaunchTests.swift */; };
		CBE314CD2862FA9200E88F35 /* GoalLocalDataSource.swift in Sources */ = {isa = PBXBuildFile; fileRef = CBE314CC2862FA9200E88F35 /* GoalLocalDataSource.swift */; };
		CBE314CF2862FAA100E88F35 /* GoalLocalDefaultDataSource.swift in Sources */ = {isa = PBXBuildFile; fileRef = CBE314CE2862FAA100E88F35 /* GoalLocalDefaultDataSource.swift */; };
		CBE314D62862FB0900E88F35 /* GoalMainScreen.swift in Sources */ = {isa = PBXBuildFile; fileRef = CBE314D52862FB0900E88F35 /* GoalMainScreen.swift */; };
		CBE314D82862FBD600E88F35 /* GoalViewModel.swift in Sources */ = {isa = PBXBuildFile; fileRef = CBE314D72862FBD600E88F35 /* GoalViewModel.swift */; };
		CBE314DF2862FF7600E88F35 /* MainTabView.swift in Sources */ = {isa = PBXBuildFile; fileRef = CBE314DE2862FF7600E88F35 /* MainTabView.swift */; };
		CBE314E12862FFE700E88F35 /* MainTabVIewModel.swift in Sources */ = {isa = PBXBuildFile; fileRef = CBE314E02862FFE700E88F35 /* MainTabVIewModel.swift */; };
		CBE314E62863007D00E88F35 /* UITabBar+DefaultAppearance.swift in Sources */ = {isa = PBXBuildFile; fileRef = CBE314E52863007D00E88F35 /* UITabBar+DefaultAppearance.swift */; };
		CBE314EB2863023E00E88F35 /* Color.swift in Sources */ = {isa = PBXBuildFile; fileRef = CBE314EA2863023E00E88F35 /* Color.swift */; };
		CBF074122869733F006452CB /* GoalDetailViewModel.swift in Sources */ = {isa = PBXBuildFile; fileRef = CBF074112869733F006452CB /* GoalDetailViewModel.swift */; };
		CBF07416286978F9006452CB /* TaskLocalDataSource.swift in Sources */ = {isa = PBXBuildFile; fileRef = CBF07415286978F9006452CB /* TaskLocalDataSource.swift */; };
		CBFEE284286441F400377AE1 /* GoalTemplateDummy.swift in Sources */ = {isa = PBXBuildFile; fileRef = CBFEE283286441F400377AE1 /* GoalTemplateDummy.swift */; };
		CBFEE2862864CDA800377AE1 /* GoalTemplateItem.swift in Sources */ = {isa = PBXBuildFile; fileRef = CBFEE2852864CDA800377AE1 /* GoalTemplateItem.swift */; };
		CBFEE2882865E5AA00377AE1 /* SetActivityView.swift in Sources */ = {isa = PBXBuildFile; fileRef = CBFEE2872865E5AA00377AE1 /* SetActivityView.swift */; };
		CBFEE28B2865FD5E00377AE1 /* ActivityLocalDataSource.swift in Sources */ = {isa = PBXBuildFile; fileRef = CBFEE28A2865FD5E00377AE1 /* ActivityLocalDataSource.swift */; };
		CBFEE28E2865FD8A00377AE1 /* ActivityLocalDefaultDataSource.swift in Sources */ = {isa = PBXBuildFile; fileRef = CBFEE28D2865FD8A00377AE1 /* ActivityLocalDefaultDataSource.swift */; };
		CBFEE2922865FE6F00377AE1 /* SetActivityViewModel.swift in Sources */ = {isa = PBXBuildFile; fileRef = CBFEE2912865FE6F00377AE1 /* SetActivityViewModel.swift */; };
		CBFEE2962866BB6800377AE1 /* ActivityTask.swift in Sources */ = {isa = PBXBuildFile; fileRef = CBFEE2952866BB6800377AE1 /* ActivityTask.swift */; };
		F445F7A02866B04400A2EE2B /* CompletedView.swift in Sources */ = {isa = PBXBuildFile; fileRef = F445F79F2866B04400A2EE2B /* CompletedView.swift */; };
		F445F7A22866B38C00A2EE2B /* ArchiveView.swift in Sources */ = {isa = PBXBuildFile; fileRef = F445F7A12866B38C00A2EE2B /* ArchiveView.swift */; };
		F44C068D286741840086FD36 /* HomeTabView.swift in Sources */ = {isa = PBXBuildFile; fileRef = F44C068C286741840086FD36 /* HomeTabView.swift */; };
		F44C06922867437A0086FD36 /* SearchBarView.swift in Sources */ = {isa = PBXBuildFile; fileRef = F44C06912867437A0086FD36 /* SearchBarView.swift */; };
		F4E3768B28647CD3001020AA /* HomescreenView.swift in Sources */ = {isa = PBXBuildFile; fileRef = F4E3768A28647CD3001020AA /* HomescreenView.swift */; };
		F4E3768D28649AF4001020AA /* GoalItemEmpty.swift in Sources */ = {isa = PBXBuildFile; fileRef = F4E3768C28649AF4001020AA /* GoalItemEmpty.swift */; };
		F4E3768F28649BDA001020AA /* CardView.swift in Sources */ = {isa = PBXBuildFile; fileRef = F4E3768E28649BDA001020AA /* CardView.swift */; };
		F4E3769828655BF1001020AA /* SettingView.swift in Sources */ = {isa = PBXBuildFile; fileRef = F4E3769728655BF1001020AA /* SettingView.swift */; };
		F4E3769A28655C91001020AA /* GoalViewMainScreen.swift in Sources */ = {isa = PBXBuildFile; fileRef = F4E3769928655C91001020AA /* GoalViewMainScreen.swift */; };
/* End PBXBuildFile section */

/* Begin PBXContainerItemProxy section */
		CBE314A62862F3F600E88F35 /* PBXContainerItemProxy */ = {
			isa = PBXContainerItemProxy;
			containerPortal = CBE314882862F3F500E88F35 /* Project object */;
			proxyType = 1;
			remoteGlobalIDString = CBE3148F2862F3F500E88F35;
			remoteInfo = GoalTracker;
		};
		CBE314B02862F3F600E88F35 /* PBXContainerItemProxy */ = {
			isa = PBXContainerItemProxy;
			containerPortal = CBE314882862F3F500E88F35 /* Project object */;
			proxyType = 1;
			remoteGlobalIDString = CBE3148F2862F3F500E88F35;
			remoteInfo = GoalTracker;
		};
/* End PBXContainerItemProxy section */

/* Begin PBXFileReference section */
		C86DD965286A717D006F9A0A /* AddGoalTemplate.swift */ = {isa = PBXFileReference; fileEncoding = 4; lastKnownFileType = sourcecode.swift; path = AddGoalTemplate.swift; sourceTree = "<group>"; };
		C86DD966286A717D006F9A0A /* AddNewGoalView.swift */ = {isa = PBXFileReference; fileEncoding = 4; lastKnownFileType = sourcecode.swift; path = AddNewGoalView.swift; sourceTree = "<group>"; };
		C8A8813E286DD7E40098866C /* SettingViewModel.swift */ = {isa = PBXFileReference; lastKnownFileType = sourcecode.swift; path = SettingViewModel.swift; sourceTree = "<group>"; };
		CB6CF96F286B4AB900828A54 /* GoalViewItem.swift */ = {isa = PBXFileReference; lastKnownFileType = sourcecode.swift; path = GoalViewItem.swift; sourceTree = "<group>"; };
		CB6CF97A286C240400828A54 /* Binding.swift */ = {isa = PBXFileReference; lastKnownFileType = sourcecode.swift; path = Binding.swift; sourceTree = "<group>"; };
		CB6CF97C286C2B9D00828A54 /* AddNewGoalViewModel.swift */ = {isa = PBXFileReference; lastKnownFileType = sourcecode.swift; path = AddNewGoalViewModel.swift; sourceTree = "<group>"; };
		CB6CF99F286DC76600828A54 /* OnboardingMainView.swift */ = {isa = PBXFileReference; lastKnownFileType = sourcecode.swift; path = OnboardingMainView.swift; sourceTree = "<group>"; };
		CB9449E9286E9CAC0008A35F /* SegmentedControls.swift */ = {isa = PBXFileReference; fileEncoding = 4; lastKnownFileType = sourcecode.swift; name = SegmentedControls.swift; path = GoalTracker/Homescreen/Views/SegmentedControls.swift; sourceTree = SOURCE_ROOT; };
		CB9449EC286EA76F0008A35F /* SetTaskViewModel.swift */ = {isa = PBXFileReference; lastKnownFileType = sourcecode.swift; path = SetTaskViewModel.swift; sourceTree = "<group>"; };
		CB9449EE286EA7D90008A35F /* TaskView.swift */ = {isa = PBXFileReference; fileEncoding = 4; lastKnownFileType = sourcecode.swift; path = TaskView.swift; sourceTree = "<group>"; };
		CBE314902862F3F500E88F35 /* GoalTracker.app */ = {isa = PBXFileReference; explicitFileType = wrapper.application; includeInIndex = 0; path = GoalTracker.app; sourceTree = BUILT_PRODUCTS_DIR; };
		CBE314932862F3F500E88F35 /* GoalTrackerApp.swift */ = {isa = PBXFileReference; lastKnownFileType = sourcecode.swift; path = GoalTrackerApp.swift; sourceTree = "<group>"; };
		CBE314972862F3F600E88F35 /* Assets.xcassets */ = {isa = PBXFileReference; lastKnownFileType = folder.assetcatalog; path = Assets.xcassets; sourceTree = "<group>"; };
		CBE3149A2862F3F600E88F35 /* Preview Assets.xcassets */ = {isa = PBXFileReference; lastKnownFileType = folder.assetcatalog; path = "Preview Assets.xcassets"; sourceTree = "<group>"; };
		CBE3149C2862F3F600E88F35 /* PersistenceController.swift */ = {isa = PBXFileReference; lastKnownFileType = sourcecode.swift; path = PersistenceController.swift; sourceTree = "<group>"; };
		CBE3149F2862F3F600E88F35 /* GoalTracker.xcdatamodel */ = {isa = PBXFileReference; lastKnownFileType = wrapper.xcdatamodel; path = GoalTracker.xcdatamodel; sourceTree = "<group>"; };
		CBE314A52862F3F600E88F35 /* GoalTrackerTests.xctest */ = {isa = PBXFileReference; explicitFileType = wrapper.cfbundle; includeInIndex = 0; path = GoalTrackerTests.xctest; sourceTree = BUILT_PRODUCTS_DIR; };
		CBE314A92862F3F600E88F35 /* GoalTrackerTests.swift */ = {isa = PBXFileReference; lastKnownFileType = sourcecode.swift; path = GoalTrackerTests.swift; sourceTree = "<group>"; };
		CBE314AF2862F3F600E88F35 /* GoalTrackerUITests.xctest */ = {isa = PBXFileReference; explicitFileType = wrapper.cfbundle; includeInIndex = 0; path = GoalTrackerUITests.xctest; sourceTree = BUILT_PRODUCTS_DIR; };
		CBE314B32862F3F600E88F35 /* GoalTrackerUITests.swift */ = {isa = PBXFileReference; lastKnownFileType = sourcecode.swift; path = GoalTrackerUITests.swift; sourceTree = "<group>"; };
		CBE314B52862F3F600E88F35 /* GoalTrackerUITestsLaunchTests.swift */ = {isa = PBXFileReference; lastKnownFileType = sourcecode.swift; path = GoalTrackerUITestsLaunchTests.swift; sourceTree = "<group>"; };
		CBE314CC2862FA9200E88F35 /* GoalLocalDataSource.swift */ = {isa = PBXFileReference; lastKnownFileType = sourcecode.swift; path = GoalLocalDataSource.swift; sourceTree = "<group>"; };
		CBE314CE2862FAA100E88F35 /* GoalLocalDefaultDataSource.swift */ = {isa = PBXFileReference; lastKnownFileType = sourcecode.swift; path = GoalLocalDefaultDataSource.swift; sourceTree = "<group>"; };
		CBE314D52862FB0900E88F35 /* GoalMainScreen.swift */ = {isa = PBXFileReference; lastKnownFileType = sourcecode.swift; path = GoalMainScreen.swift; sourceTree = "<group>"; };
		CBE314D72862FBD600E88F35 /* GoalViewModel.swift */ = {isa = PBXFileReference; lastKnownFileType = sourcecode.swift; path = GoalViewModel.swift; sourceTree = "<group>"; };
		CBE314DE2862FF7600E88F35 /* MainTabView.swift */ = {isa = PBXFileReference; lastKnownFileType = sourcecode.swift; path = MainTabView.swift; sourceTree = "<group>"; };
		CBE314E02862FFE700E88F35 /* MainTabVIewModel.swift */ = {isa = PBXFileReference; lastKnownFileType = sourcecode.swift; path = MainTabVIewModel.swift; sourceTree = "<group>"; };
		CBE314E52863007D00E88F35 /* UITabBar+DefaultAppearance.swift */ = {isa = PBXFileReference; lastKnownFileType = sourcecode.swift; path = "UITabBar+DefaultAppearance.swift"; sourceTree = "<group>"; };
		CBE314EA2863023E00E88F35 /* Color.swift */ = {isa = PBXFileReference; lastKnownFileType = sourcecode.swift; path = Color.swift; sourceTree = "<group>"; };
		CBF074112869733F006452CB /* GoalDetailViewModel.swift */ = {isa = PBXFileReference; lastKnownFileType = sourcecode.swift; path = GoalDetailViewModel.swift; sourceTree = "<group>"; };
		CBF07415286978F9006452CB /* TaskLocalDataSource.swift */ = {isa = PBXFileReference; lastKnownFileType = sourcecode.swift; path = TaskLocalDataSource.swift; sourceTree = "<group>"; };
		CBFEE283286441F400377AE1 /* GoalTemplateDummy.swift */ = {isa = PBXFileReference; lastKnownFileType = sourcecode.swift; path = GoalTemplateDummy.swift; sourceTree = "<group>"; };
		CBFEE2852864CDA800377AE1 /* GoalTemplateItem.swift */ = {isa = PBXFileReference; lastKnownFileType = sourcecode.swift; path = GoalTemplateItem.swift; sourceTree = "<group>"; };
		CBFEE2872865E5AA00377AE1 /* SetActivityView.swift */ = {isa = PBXFileReference; lastKnownFileType = sourcecode.swift; path = SetActivityView.swift; sourceTree = "<group>"; };
		CBFEE28A2865FD5E00377AE1 /* ActivityLocalDataSource.swift */ = {isa = PBXFileReference; lastKnownFileType = sourcecode.swift; path = ActivityLocalDataSource.swift; sourceTree = "<group>"; };
		CBFEE28D2865FD8A00377AE1 /* ActivityLocalDefaultDataSource.swift */ = {isa = PBXFileReference; lastKnownFileType = sourcecode.swift; path = ActivityLocalDefaultDataSource.swift; sourceTree = "<group>"; };
		CBFEE2912865FE6F00377AE1 /* SetActivityViewModel.swift */ = {isa = PBXFileReference; lastKnownFileType = sourcecode.swift; path = SetActivityViewModel.swift; sourceTree = "<group>"; };
		CBFEE2952866BB6800377AE1 /* ActivityTask.swift */ = {isa = PBXFileReference; lastKnownFileType = sourcecode.swift; path = ActivityTask.swift; sourceTree = "<group>"; };
		F445F79F2866B04400A2EE2B /* CompletedView.swift */ = {isa = PBXFileReference; lastKnownFileType = sourcecode.swift; path = CompletedView.swift; sourceTree = "<group>"; };
		F445F7A12866B38C00A2EE2B /* ArchiveView.swift */ = {isa = PBXFileReference; lastKnownFileType = sourcecode.swift; path = ArchiveView.swift; sourceTree = "<group>"; };
		F44C068C286741840086FD36 /* HomeTabView.swift */ = {isa = PBXFileReference; lastKnownFileType = sourcecode.swift; path = HomeTabView.swift; sourceTree = "<group>"; };
		F44C06912867437A0086FD36 /* SearchBarView.swift */ = {isa = PBXFileReference; lastKnownFileType = sourcecode.swift; path = SearchBarView.swift; sourceTree = "<group>"; };
		F4E3768A28647CD3001020AA /* HomescreenView.swift */ = {isa = PBXFileReference; lastKnownFileType = sourcecode.swift; path = HomescreenView.swift; sourceTree = "<group>"; };
		F4E3768C28649AF4001020AA /* GoalItemEmpty.swift */ = {isa = PBXFileReference; lastKnownFileType = sourcecode.swift; path = GoalItemEmpty.swift; sourceTree = "<group>"; };
		F4E3768E28649BDA001020AA /* CardView.swift */ = {isa = PBXFileReference; lastKnownFileType = sourcecode.swift; path = CardView.swift; sourceTree = "<group>"; };
		F4E3769728655BF1001020AA /* SettingView.swift */ = {isa = PBXFileReference; lastKnownFileType = sourcecode.swift; path = SettingView.swift; sourceTree = "<group>"; };
		F4E3769928655C91001020AA /* GoalViewMainScreen.swift */ = {isa = PBXFileReference; lastKnownFileType = sourcecode.swift; path = GoalViewMainScreen.swift; sourceTree = "<group>"; };
/* End PBXFileReference section */

/* Begin PBXFrameworksBuildPhase section */
		CBE3148D2862F3F500E88F35 /* Frameworks */ = {
			isa = PBXFrameworksBuildPhase;
			buildActionMask = 2147483647;
			files = (
				CB6CF974286B634300828A54 /* SwiftUINavigation in Frameworks */,
				CB6CF981286CA92D00828A54 /* Introspect in Frameworks */,
			);
			runOnlyForDeploymentPostprocessing = 0;
		};
		CBE314A22862F3F600E88F35 /* Frameworks */ = {
			isa = PBXFrameworksBuildPhase;
			buildActionMask = 2147483647;
			files = (
			);
			runOnlyForDeploymentPostprocessing = 0;
		};
		CBE314AC2862F3F600E88F35 /* Frameworks */ = {
			isa = PBXFrameworksBuildPhase;
			buildActionMask = 2147483647;
			files = (
			);
			runOnlyForDeploymentPostprocessing = 0;
		};
/* End PBXFrameworksBuildPhase section */

/* Begin PBXGroup section */
		CB6CF971286B4DF700828A54 /* View */ = {
			isa = PBXGroup;
			children = (
				CB9449E9286E9CAC0008A35F /* SegmentedControls.swift */,
				F445F7A12866B38C00A2EE2B /* ArchiveView.swift */,
				F4E3768E28649BDA001020AA /* CardView.swift */,
			);
			path = View;
			sourceTree = "<group>";
		};
		CB6CF99E286DC75700828A54 /* Onboarding */ = {
			isa = PBXGroup;
			children = (
				CB6CF99F286DC76600828A54 /* OnboardingMainView.swift */,
			);
			path = Onboarding;
			sourceTree = "<group>";
		};
		CB9449EB286EA7520008A35F /* ViewModel */ = {
			isa = PBXGroup;
			children = (
				CB9449EC286EA76F0008A35F /* SetTaskViewModel.swift */,
			);
			path = ViewModel;
			sourceTree = "<group>";
		};
		CB9449F0286EA7EB0008A35F /* View */ = {
			isa = PBXGroup;
			children = (
				CB9449EE286EA7D90008A35F /* TaskView.swift */,
			);
			path = View;
			sourceTree = "<group>";
		};
		CBE314872862F3F500E88F35 = {
			isa = PBXGroup;
			children = (
				CBE314922862F3F500E88F35 /* GoalTracker */,
				CBE314A82862F3F600E88F35 /* GoalTrackerTests */,
				CBE314B22862F3F600E88F35 /* GoalTrackerUITests */,
				CBE314912862F3F500E88F35 /* Products */,
			);
			sourceTree = "<group>";
		};
		CBE314912862F3F500E88F35 /* Products */ = {
			isa = PBXGroup;
			children = (
				CBE314902862F3F500E88F35 /* GoalTracker.app */,
				CBE314A52862F3F600E88F35 /* GoalTrackerTests.xctest */,
				CBE314AF2862F3F600E88F35 /* GoalTrackerUITests.xctest */,
			);
			name = Products;
			sourceTree = "<group>";
		};
		CBE314922862F3F500E88F35 /* GoalTracker */ = {
			isa = PBXGroup;
			children = (
				CB6CF99E286DC75700828A54 /* Onboarding */,
				F4E376922864BE0F001020AA /* Task */,
				F4E3768928647CB3001020AA /* Homescreen */,
				CBE314DD2862FF3D00E88F35 /* TabBar */,
				CBE314DC2862FE9A00E88F35 /* Settings */,
				CBE314DA2862FE5E00E88F35 /* Activity */,
				CBE314D02862FAB000E88F35 /* Goal */,
				CBE314C22862F71800E88F35 /* Common */,
				CBE314932862F3F500E88F35 /* GoalTrackerApp.swift */,
				CBE314972862F3F600E88F35 /* Assets.xcassets */,
				CBE314992862F3F600E88F35 /* Preview Content */,
			);
			path = GoalTracker;
			sourceTree = "<group>";
		};
		CBE314992862F3F600E88F35 /* Preview Content */ = {
			isa = PBXGroup;
			children = (
				CBE3149A2862F3F600E88F35 /* Preview Assets.xcassets */,
			);
			path = "Preview Content";
			sourceTree = "<group>";
		};
		CBE314A82862F3F600E88F35 /* GoalTrackerTests */ = {
			isa = PBXGroup;
			children = (
				CBE314A92862F3F600E88F35 /* GoalTrackerTests.swift */,
			);
			path = GoalTrackerTests;
			sourceTree = "<group>";
		};
		CBE314B22862F3F600E88F35 /* GoalTrackerUITests */ = {
			isa = PBXGroup;
			children = (
				CBE314B32862F3F600E88F35 /* GoalTrackerUITests.swift */,
				CBE314B52862F3F600E88F35 /* GoalTrackerUITestsLaunchTests.swift */,
			);
			path = GoalTrackerUITests;
			sourceTree = "<group>";
		};
		CBE314C22862F71800E88F35 /* Common */ = {
			isa = PBXGroup;
			children = (
				CBFEE282286441DE00377AE1 /* Template */,
				CBE314E22863004A00E88F35 /* Extension */,
				CBE314C32862F71E00E88F35 /* Data */,
			);
			path = Common;
			sourceTree = "<group>";
		};
		CBE314C32862F71E00E88F35 /* Data */ = {
			isa = PBXGroup;
			children = (
				CBF07413286978DC006452CB /* Task */,
				CBFEE2892865FD1700377AE1 /* Activity */,
				CBE314C62862F9F500E88F35 /* Goal */,
				CBE314C42862F72500E88F35 /* CoreData */,
			);
			path = Data;
			sourceTree = "<group>";
		};
		CBE314C42862F72500E88F35 /* CoreData */ = {
			isa = PBXGroup;
			children = (
				CBE3149C2862F3F600E88F35 /* PersistenceController.swift */,
				CBE314C52862F73300E88F35 /* Model */,
			);
			path = CoreData;
			sourceTree = "<group>";
		};
		CBE314C52862F73300E88F35 /* Model */ = {
			isa = PBXGroup;
			children = (
				CBE3149E2862F3F600E88F35 /* GoalTracker.xcdatamodeld */,
			);
			path = Model;
			sourceTree = "<group>";
		};
		CBE314C62862F9F500E88F35 /* Goal */ = {
			isa = PBXGroup;
			children = (
				CBE314CB2862FA6D00E88F35 /* Local */,
			);
			path = Goal;
			sourceTree = "<group>";
		};
		CBE314CB2862FA6D00E88F35 /* Local */ = {
			isa = PBXGroup;
			children = (
				CBE314CC2862FA9200E88F35 /* GoalLocalDataSource.swift */,
				CBE314CE2862FAA100E88F35 /* GoalLocalDefaultDataSource.swift */,
			);
			path = Local;
			sourceTree = "<group>";
		};
		CBE314D02862FAB000E88F35 /* Goal */ = {
			isa = PBXGroup;
			children = (
				CBE314D22862FAC100E88F35 /* ViewModel */,
				CBE314D12862FAB500E88F35 /* View */,
			);
			path = Goal;
			sourceTree = "<group>";
		};
		CBE314D12862FAB500E88F35 /* View */ = {
			isa = PBXGroup;
			children = (
				C86DD965286A717D006F9A0A /* AddGoalTemplate.swift */,
				C86DD966286A717D006F9A0A /* AddNewGoalView.swift */,
				CBE314D52862FB0900E88F35 /* GoalMainScreen.swift */,
			);
			path = View;
			sourceTree = "<group>";
		};
		CBE314D22862FAC100E88F35 /* ViewModel */ = {
			isa = PBXGroup;
			children = (
				CBE314D72862FBD600E88F35 /* GoalViewModel.swift */,
				CBFEE2852864CDA800377AE1 /* GoalTemplateItem.swift */,
				CBF074112869733F006452CB /* GoalDetailViewModel.swift */,
				CB6CF97C286C2B9D00828A54 /* AddNewGoalViewModel.swift */,
			);
			path = ViewModel;
			sourceTree = "<group>";
		};
		CBE314DA2862FE5E00E88F35 /* Activity */ = {
			isa = PBXGroup;
			children = (
				CBFEE2902865FE5400377AE1 /* View */,
				CBFEE28F2865FE4C00377AE1 /* ViewModel */,
			);
			path = Activity;
			sourceTree = "<group>";
		};
		CBE314DC2862FE9A00E88F35 /* Settings */ = {
			isa = PBXGroup;
			children = (
				C8A8813E286DD7E40098866C /* SettingViewModel.swift */,
			);
			path = Settings;
			sourceTree = "<group>";
		};
		CBE314DD2862FF3D00E88F35 /* TabBar */ = {
			isa = PBXGroup;
			children = (
				CBE314DE2862FF7600E88F35 /* MainTabView.swift */,
				CBE314E02862FFE700E88F35 /* MainTabVIewModel.swift */,
			);
			path = TabBar;
			sourceTree = "<group>";
		};
		CBE314E22863004A00E88F35 /* Extension */ = {
			isa = PBXGroup;
			children = (
				CBE314E92863023300E88F35 /* Color */,
				CBE314E32863005700E88F35 /* UIKit */,
				CB6CF97A286C240400828A54 /* Binding.swift */,
			);
			path = Extension;
			sourceTree = "<group>";
		};
		CBE314E32863005700E88F35 /* UIKit */ = {
			isa = PBXGroup;
			children = (
				CBE314E42863006B00E88F35 /* UITabBarAppearance */,
			);
			path = UIKit;
			sourceTree = "<group>";
		};
		CBE314E42863006B00E88F35 /* UITabBarAppearance */ = {
			isa = PBXGroup;
			children = (
				CBE314E52863007D00E88F35 /* UITabBar+DefaultAppearance.swift */,
			);
			path = UITabBarAppearance;
			sourceTree = "<group>";
		};
		CBE314E92863023300E88F35 /* Color */ = {
			isa = PBXGroup;
			children = (
				CBE314EA2863023E00E88F35 /* Color.swift */,
			);
			path = Color;
			sourceTree = "<group>";
		};
		CBF07413286978DC006452CB /* Task */ = {
			isa = PBXGroup;
			children = (
				CBF07414286978E3006452CB /* Local */,
			);
			path = Task;
			sourceTree = "<group>";
		};
		CBF07414286978E3006452CB /* Local */ = {
			isa = PBXGroup;
			children = (
				CBF07415286978F9006452CB /* TaskLocalDataSource.swift */,
			);
			path = Local;
			sourceTree = "<group>";
		};
		CBFEE282286441DE00377AE1 /* Template */ = {
			isa = PBXGroup;
			children = (
				CBFEE283286441F400377AE1 /* GoalTemplateDummy.swift */,
			);
			path = Template;
			sourceTree = "<group>";
		};
		CBFEE2892865FD1700377AE1 /* Activity */ = {
			isa = PBXGroup;
			children = (
				CBFEE28C2865FD7200377AE1 /* Local */,
			);
			path = Activity;
			sourceTree = "<group>";
		};
		CBFEE28C2865FD7200377AE1 /* Local */ = {
			isa = PBXGroup;
			children = (
				CBFEE28A2865FD5E00377AE1 /* ActivityLocalDataSource.swift */,
				CBFEE28D2865FD8A00377AE1 /* ActivityLocalDefaultDataSource.swift */,
			);
			path = Local;
			sourceTree = "<group>";
		};
		CBFEE28F2865FE4C00377AE1 /* ViewModel */ = {
			isa = PBXGroup;
			children = (
				CBFEE2912865FE6F00377AE1 /* SetActivityViewModel.swift */,
			);
			path = ViewModel;
			sourceTree = "<group>";
		};
		CBFEE2902865FE5400377AE1 /* View */ = {
			isa = PBXGroup;
			children = (
				CBFEE2872865E5AA00377AE1 /* SetActivityView.swift */,
				CBFEE2952866BB6800377AE1 /* ActivityTask.swift */,
			);
			path = View;
			sourceTree = "<group>";
		};
		F4E3768928647CB3001020AA /* Homescreen */ = {
			isa = PBXGroup;
			children = (
				CB6CF971286B4DF700828A54 /* View */,
				F4E3768A28647CD3001020AA /* HomescreenView.swift */,
				F4E3768C28649AF4001020AA /* GoalItemEmpty.swift */,
				F44C06912867437A0086FD36 /* SearchBarView.swift */,
				F4E3769928655C91001020AA /* GoalViewMainScreen.swift */,
				F445F79F2866B04400A2EE2B /* CompletedView.swift */,
				F44C068C286741840086FD36 /* HomeTabView.swift */,
				F4E3769728655BF1001020AA /* SettingView.swift */,
				CB6CF96F286B4AB900828A54 /* GoalViewItem.swift */,
			);
			path = Homescreen;
			sourceTree = "<group>";
		};
		F4E376922864BE0F001020AA /* Task */ = {
			isa = PBXGroup;
			children = (
				CB9449F0286EA7EB0008A35F /* View */,
				CB9449EB286EA7520008A35F /* ViewModel */,
			);
			path = Task;
			sourceTree = "<group>";
		};
/* End PBXGroup section */

/* Begin PBXNativeTarget section */
		CBE3148F2862F3F500E88F35 /* GoalTracker */ = {
			isa = PBXNativeTarget;
			buildConfigurationList = CBE314B92862F3F600E88F35 /* Build configuration list for PBXNativeTarget "GoalTracker" */;
			buildPhases = (
				CBE3148C2862F3F500E88F35 /* Sources */,
				CBE3148D2862F3F500E88F35 /* Frameworks */,
				CBE3148E2862F3F500E88F35 /* Resources */,
			);
			buildRules = (
			);
			dependencies = (
			);
			name = GoalTracker;
			packageProductDependencies = (
				CB6CF973286B634300828A54 /* SwiftUINavigation */,
				CB6CF980286CA92D00828A54 /* Introspect */,
			);
			productName = GoalTracker;
			productReference = CBE314902862F3F500E88F35 /* GoalTracker.app */;
			productType = "com.apple.product-type.application";
		};
		CBE314A42862F3F600E88F35 /* GoalTrackerTests */ = {
			isa = PBXNativeTarget;
			buildConfigurationList = CBE314BC2862F3F600E88F35 /* Build configuration list for PBXNativeTarget "GoalTrackerTests" */;
			buildPhases = (
				CBE314A12862F3F600E88F35 /* Sources */,
				CBE314A22862F3F600E88F35 /* Frameworks */,
				CBE314A32862F3F600E88F35 /* Resources */,
			);
			buildRules = (
			);
			dependencies = (
				CBE314A72862F3F600E88F35 /* PBXTargetDependency */,
			);
			name = GoalTrackerTests;
			productName = GoalTrackerTests;
			productReference = CBE314A52862F3F600E88F35 /* GoalTrackerTests.xctest */;
			productType = "com.apple.product-type.bundle.unit-test";
		};
		CBE314AE2862F3F600E88F35 /* GoalTrackerUITests */ = {
			isa = PBXNativeTarget;
			buildConfigurationList = CBE314BF2862F3F600E88F35 /* Build configuration list for PBXNativeTarget "GoalTrackerUITests" */;
			buildPhases = (
				CBE314AB2862F3F600E88F35 /* Sources */,
				CBE314AC2862F3F600E88F35 /* Frameworks */,
				CBE314AD2862F3F600E88F35 /* Resources */,
			);
			buildRules = (
			);
			dependencies = (
				CBE314B12862F3F600E88F35 /* PBXTargetDependency */,
			);
			name = GoalTrackerUITests;
			productName = GoalTrackerUITests;
			productReference = CBE314AF2862F3F600E88F35 /* GoalTrackerUITests.xctest */;
			productType = "com.apple.product-type.bundle.ui-testing";
		};
/* End PBXNativeTarget section */

/* Begin PBXProject section */
		CBE314882862F3F500E88F35 /* Project object */ = {
			isa = PBXProject;
			attributes = {
				BuildIndependentTargetsInParallel = 1;
				LastSwiftUpdateCheck = 1340;
				LastUpgradeCheck = 1340;
				TargetAttributes = {
					CBE3148F2862F3F500E88F35 = {
						CreatedOnToolsVersion = 13.4.1;
					};
					CBE314A42862F3F600E88F35 = {
						CreatedOnToolsVersion = 13.4.1;
						TestTargetID = CBE3148F2862F3F500E88F35;
					};
					CBE314AE2862F3F600E88F35 = {
						CreatedOnToolsVersion = 13.4.1;
						TestTargetID = CBE3148F2862F3F500E88F35;
					};
				};
			};
			buildConfigurationList = CBE3148B2862F3F500E88F35 /* Build configuration list for PBXProject "GoalTracker" */;
			compatibilityVersion = "Xcode 13.0";
			developmentRegion = en;
			hasScannedForEncodings = 0;
			knownRegions = (
				en,
				Base,
			);
			mainGroup = CBE314872862F3F500E88F35;
			packageReferences = (
				CB6CF972286B634300828A54 /* XCRemoteSwiftPackageReference "swiftui-navigation" */,
				CB6CF97F286CA92D00828A54 /* XCRemoteSwiftPackageReference "SwiftUI-Introspect" */,
			);
			productRefGroup = CBE314912862F3F500E88F35 /* Products */;
			projectDirPath = "";
			projectRoot = "";
			targets = (
				CBE3148F2862F3F500E88F35 /* GoalTracker */,
				CBE314A42862F3F600E88F35 /* GoalTrackerTests */,
				CBE314AE2862F3F600E88F35 /* GoalTrackerUITests */,
			);
		};
/* End PBXProject section */

/* Begin PBXResourcesBuildPhase section */
		CBE3148E2862F3F500E88F35 /* Resources */ = {
			isa = PBXResourcesBuildPhase;
			buildActionMask = 2147483647;
			files = (
				CBE3149B2862F3F600E88F35 /* Preview Assets.xcassets in Resources */,
				CBE314982862F3F600E88F35 /* Assets.xcassets in Resources */,
			);
			runOnlyForDeploymentPostprocessing = 0;
		};
		CBE314A32862F3F600E88F35 /* Resources */ = {
			isa = PBXResourcesBuildPhase;
			buildActionMask = 2147483647;
			files = (
			);
			runOnlyForDeploymentPostprocessing = 0;
		};
		CBE314AD2862F3F600E88F35 /* Resources */ = {
			isa = PBXResourcesBuildPhase;
			buildActionMask = 2147483647;
			files = (
			);
			runOnlyForDeploymentPostprocessing = 0;
		};
/* End PBXResourcesBuildPhase section */

/* Begin PBXSourcesBuildPhase section */
		CBE3148C2862F3F500E88F35 /* Sources */ = {
			isa = PBXSourcesBuildPhase;
			buildActionMask = 2147483647;
			files = (
				F44C068D286741840086FD36 /* HomeTabView.swift in Sources */,
				F4E3768D28649AF4001020AA /* GoalItemEmpty.swift in Sources */,
				CBFEE284286441F400377AE1 /* GoalTemplateDummy.swift in Sources */,
				CBFEE2962866BB6800377AE1 /* ActivityTask.swift in Sources */,
				CBFEE2862864CDA800377AE1 /* GoalTemplateItem.swift in Sources */,
				CBE3149D2862F3F600E88F35 /* PersistenceController.swift in Sources */,
				F44C06922867437A0086FD36 /* SearchBarView.swift in Sources */,
				CBE314D82862FBD600E88F35 /* GoalViewModel.swift in Sources */,
				F4E3769828655BF1001020AA /* SettingView.swift in Sources */,
				CBE314E62863007D00E88F35 /* UITabBar+DefaultAppearance.swift in Sources */,
				F4E3768F28649BDA001020AA /* CardView.swift in Sources */,
				CB6CF97B286C240400828A54 /* Binding.swift in Sources */,
				F445F7A22866B38C00A2EE2B /* ArchiveView.swift in Sources */,
				CB6CF970286B4AB900828A54 /* GoalViewItem.swift in Sources */,
				C8A8813F286DD7E40098866C /* SettingViewModel.swift in Sources */,
				F4E3768B28647CD3001020AA /* HomescreenView.swift in Sources */,
				CB9449EA286E9CAC0008A35F /* SegmentedControls.swift in Sources */,
				F4E3769A28655C91001020AA /* GoalViewMainScreen.swift in Sources */,
				CBE314CF2862FAA100E88F35 /* GoalLocalDefaultDataSource.swift in Sources */,
				CB9449ED286EA76F0008A35F /* SetTaskViewModel.swift in Sources */,
				F445F7A02866B04400A2EE2B /* CompletedView.swift in Sources */,
				CBE314DF2862FF7600E88F35 /* MainTabView.swift in Sources */,
				CB9449EF286EA7D90008A35F /* TaskView.swift in Sources */,
				CBE314EB2863023E00E88F35 /* Color.swift in Sources */,
				CBFEE2922865FE6F00377AE1 /* SetActivityViewModel.swift in Sources */,
				CBF074122869733F006452CB /* GoalDetailViewModel.swift in Sources */,
				CBFEE2882865E5AA00377AE1 /* SetActivityView.swift in Sources */,
				CBE314E12862FFE700E88F35 /* MainTabVIewModel.swift in Sources */,
				CB6CF97D286C2B9D00828A54 /* AddNewGoalViewModel.swift in Sources */,
				CBE314D62862FB0900E88F35 /* GoalMainScreen.swift in Sources */,
				CBFEE28B2865FD5E00377AE1 /* ActivityLocalDataSource.swift in Sources */,
				CBF07416286978F9006452CB /* TaskLocalDataSource.swift in Sources */,
				CBE314942862F3F500E88F35 /* GoalTrackerApp.swift in Sources */,
				CBFEE28E2865FD8A00377AE1 /* ActivityLocalDefaultDataSource.swift in Sources */,
				C86DD967286A717D006F9A0A /* AddGoalTemplate.swift in Sources */,
				C86DD968286A717D006F9A0A /* AddNewGoalView.swift in Sources */,
				CBE314CD2862FA9200E88F35 /* GoalLocalDataSource.swift in Sources */,
				CB6CF9A0286DC76600828A54 /* OnboardingMainView.swift in Sources */,
				CBE314A02862F3F600E88F35 /* GoalTracker.xcdatamodeld in Sources */,
			);
			runOnlyForDeploymentPostprocessing = 0;
		};
		CBE314A12862F3F600E88F35 /* Sources */ = {
			isa = PBXSourcesBuildPhase;
			buildActionMask = 2147483647;
			files = (
				CBE314AA2862F3F600E88F35 /* GoalTrackerTests.swift in Sources */,
			);
			runOnlyForDeploymentPostprocessing = 0;
		};
		CBE314AB2862F3F600E88F35 /* Sources */ = {
			isa = PBXSourcesBuildPhase;
			buildActionMask = 2147483647;
			files = (
				CBE314B62862F3F600E88F35 /* GoalTrackerUITestsLaunchTests.swift in Sources */,
				CBE314B42862F3F600E88F35 /* GoalTrackerUITests.swift in Sources */,
			);
			runOnlyForDeploymentPostprocessing = 0;
		};
/* End PBXSourcesBuildPhase section */

/* Begin PBXTargetDependency section */
		CBE314A72862F3F600E88F35 /* PBXTargetDependency */ = {
			isa = PBXTargetDependency;
			target = CBE3148F2862F3F500E88F35 /* GoalTracker */;
			targetProxy = CBE314A62862F3F600E88F35 /* PBXContainerItemProxy */;
		};
		CBE314B12862F3F600E88F35 /* PBXTargetDependency */ = {
			isa = PBXTargetDependency;
			target = CBE3148F2862F3F500E88F35 /* GoalTracker */;
			targetProxy = CBE314B02862F3F600E88F35 /* PBXContainerItemProxy */;
		};
/* End PBXTargetDependency section */

/* Begin XCBuildConfiguration section */
		CBE314B72862F3F600E88F35 /* Debug */ = {
			isa = XCBuildConfiguration;
			buildSettings = {
				ALWAYS_SEARCH_USER_PATHS = NO;
				CLANG_ANALYZER_NONNULL = YES;
				CLANG_ANALYZER_NUMBER_OBJECT_CONVERSION = YES_AGGRESSIVE;
				CLANG_CXX_LANGUAGE_STANDARD = "gnu++17";
				CLANG_ENABLE_MODULES = YES;
				CLANG_ENABLE_OBJC_ARC = YES;
				CLANG_ENABLE_OBJC_WEAK = YES;
				CLANG_WARN_BLOCK_CAPTURE_AUTORELEASING = YES;
				CLANG_WARN_BOOL_CONVERSION = YES;
				CLANG_WARN_COMMA = YES;
				CLANG_WARN_CONSTANT_CONVERSION = YES;
				CLANG_WARN_DEPRECATED_OBJC_IMPLEMENTATIONS = YES;
				CLANG_WARN_DIRECT_OBJC_ISA_USAGE = YES_ERROR;
				CLANG_WARN_DOCUMENTATION_COMMENTS = YES;
				CLANG_WARN_EMPTY_BODY = YES;
				CLANG_WARN_ENUM_CONVERSION = YES;
				CLANG_WARN_INFINITE_RECURSION = YES;
				CLANG_WARN_INT_CONVERSION = YES;
				CLANG_WARN_NON_LITERAL_NULL_CONVERSION = YES;
				CLANG_WARN_OBJC_IMPLICIT_RETAIN_SELF = YES;
				CLANG_WARN_OBJC_LITERAL_CONVERSION = YES;
				CLANG_WARN_OBJC_ROOT_CLASS = YES_ERROR;
				CLANG_WARN_QUOTED_INCLUDE_IN_FRAMEWORK_HEADER = YES;
				CLANG_WARN_RANGE_LOOP_ANALYSIS = YES;
				CLANG_WARN_STRICT_PROTOTYPES = YES;
				CLANG_WARN_SUSPICIOUS_MOVE = YES;
				CLANG_WARN_UNGUARDED_AVAILABILITY = YES_AGGRESSIVE;
				CLANG_WARN_UNREACHABLE_CODE = YES;
				CLANG_WARN__DUPLICATE_METHOD_MATCH = YES;
				COPY_PHASE_STRIP = NO;
				DEBUG_INFORMATION_FORMAT = dwarf;
				ENABLE_STRICT_OBJC_MSGSEND = YES;
				ENABLE_TESTABILITY = YES;
				GCC_C_LANGUAGE_STANDARD = gnu11;
				GCC_DYNAMIC_NO_PIC = NO;
				GCC_NO_COMMON_BLOCKS = YES;
				GCC_OPTIMIZATION_LEVEL = 0;
				GCC_PREPROCESSOR_DEFINITIONS = (
					"DEBUG=1",
					"$(inherited)",
				);
				GCC_WARN_64_TO_32_BIT_CONVERSION = YES;
				GCC_WARN_ABOUT_RETURN_TYPE = YES_ERROR;
				GCC_WARN_UNDECLARED_SELECTOR = YES;
				GCC_WARN_UNINITIALIZED_AUTOS = YES_AGGRESSIVE;
				GCC_WARN_UNUSED_FUNCTION = YES;
				GCC_WARN_UNUSED_VARIABLE = YES;
				IPHONEOS_DEPLOYMENT_TARGET = 15.5;
				MTL_ENABLE_DEBUG_INFO = INCLUDE_SOURCE;
				MTL_FAST_MATH = YES;
				ONLY_ACTIVE_ARCH = YES;
				SDKROOT = iphoneos;
				SWIFT_ACTIVE_COMPILATION_CONDITIONS = DEBUG;
				SWIFT_OPTIMIZATION_LEVEL = "-Onone";
			};
			name = Debug;
		};
		CBE314B82862F3F600E88F35 /* Release */ = {
			isa = XCBuildConfiguration;
			buildSettings = {
				ALWAYS_SEARCH_USER_PATHS = NO;
				CLANG_ANALYZER_NONNULL = YES;
				CLANG_ANALYZER_NUMBER_OBJECT_CONVERSION = YES_AGGRESSIVE;
				CLANG_CXX_LANGUAGE_STANDARD = "gnu++17";
				CLANG_ENABLE_MODULES = YES;
				CLANG_ENABLE_OBJC_ARC = YES;
				CLANG_ENABLE_OBJC_WEAK = YES;
				CLANG_WARN_BLOCK_CAPTURE_AUTORELEASING = YES;
				CLANG_WARN_BOOL_CONVERSION = YES;
				CLANG_WARN_COMMA = YES;
				CLANG_WARN_CONSTANT_CONVERSION = YES;
				CLANG_WARN_DEPRECATED_OBJC_IMPLEMENTATIONS = YES;
				CLANG_WARN_DIRECT_OBJC_ISA_USAGE = YES_ERROR;
				CLANG_WARN_DOCUMENTATION_COMMENTS = YES;
				CLANG_WARN_EMPTY_BODY = YES;
				CLANG_WARN_ENUM_CONVERSION = YES;
				CLANG_WARN_INFINITE_RECURSION = YES;
				CLANG_WARN_INT_CONVERSION = YES;
				CLANG_WARN_NON_LITERAL_NULL_CONVERSION = YES;
				CLANG_WARN_OBJC_IMPLICIT_RETAIN_SELF = YES;
				CLANG_WARN_OBJC_LITERAL_CONVERSION = YES;
				CLANG_WARN_OBJC_ROOT_CLASS = YES_ERROR;
				CLANG_WARN_QUOTED_INCLUDE_IN_FRAMEWORK_HEADER = YES;
				CLANG_WARN_RANGE_LOOP_ANALYSIS = YES;
				CLANG_WARN_STRICT_PROTOTYPES = YES;
				CLANG_WARN_SUSPICIOUS_MOVE = YES;
				CLANG_WARN_UNGUARDED_AVAILABILITY = YES_AGGRESSIVE;
				CLANG_WARN_UNREACHABLE_CODE = YES;
				CLANG_WARN__DUPLICATE_METHOD_MATCH = YES;
				COPY_PHASE_STRIP = NO;
				DEBUG_INFORMATION_FORMAT = "dwarf-with-dsym";
				ENABLE_NS_ASSERTIONS = NO;
				ENABLE_STRICT_OBJC_MSGSEND = YES;
				GCC_C_LANGUAGE_STANDARD = gnu11;
				GCC_NO_COMMON_BLOCKS = YES;
				GCC_WARN_64_TO_32_BIT_CONVERSION = YES;
				GCC_WARN_ABOUT_RETURN_TYPE = YES_ERROR;
				GCC_WARN_UNDECLARED_SELECTOR = YES;
				GCC_WARN_UNINITIALIZED_AUTOS = YES_AGGRESSIVE;
				GCC_WARN_UNUSED_FUNCTION = YES;
				GCC_WARN_UNUSED_VARIABLE = YES;
				IPHONEOS_DEPLOYMENT_TARGET = 15.5;
				MTL_ENABLE_DEBUG_INFO = NO;
				MTL_FAST_MATH = YES;
				SDKROOT = iphoneos;
				SWIFT_COMPILATION_MODE = wholemodule;
				SWIFT_OPTIMIZATION_LEVEL = "-O";
				VALIDATE_PRODUCT = YES;
			};
			name = Release;
		};
		CBE314BA2862F3F600E88F35 /* Debug */ = {
			isa = XCBuildConfiguration;
			buildSettings = {
				ASSETCATALOG_COMPILER_APPICON_NAME = AppIcon;
				ASSETCATALOG_COMPILER_GLOBAL_ACCENT_COLOR_NAME = AccentColor;
				CODE_SIGN_STYLE = Automatic;
				CURRENT_PROJECT_VERSION = 1;
				DEVELOPMENT_ASSET_PATHS = "\"GoalTracker/Preview Content\"";
				DEVELOPMENT_TEAM = 89TMJ964L4;
				ENABLE_PREVIEWS = YES;
				GENERATE_INFOPLIST_FILE = YES;
				INFOPLIST_KEY_UIApplicationSceneManifest_Generation = YES;
				INFOPLIST_KEY_UIApplicationSupportsIndirectInputEvents = YES;
				INFOPLIST_KEY_UILaunchScreen_Generation = YES;
				INFOPLIST_KEY_UISupportedInterfaceOrientations_iPad = "UIInterfaceOrientationPortrait UIInterfaceOrientationPortraitUpsideDown UIInterfaceOrientationLandscapeLeft UIInterfaceOrientationLandscapeRight";
				INFOPLIST_KEY_UISupportedInterfaceOrientations_iPhone = "UIInterfaceOrientationPortrait UIInterfaceOrientationLandscapeLeft UIInterfaceOrientationLandscapeRight";
				IPHONEOS_DEPLOYMENT_TARGET = 15.4;
				LD_RUNPATH_SEARCH_PATHS = (
					"$(inherited)",
					"@executable_path/Frameworks",
				);
				MARKETING_VERSION = 1.0;
				PRODUCT_BUNDLE_IDENTIFIER = com.agusart.GoalTracker;
				PRODUCT_NAME = "$(TARGET_NAME)";
				SWIFT_EMIT_LOC_STRINGS = YES;
				SWIFT_VERSION = 5.0;
				TARGETED_DEVICE_FAMILY = 1;
			};
			name = Debug;
		};
		CBE314BB2862F3F600E88F35 /* Release */ = {
			isa = XCBuildConfiguration;
			buildSettings = {
				ASSETCATALOG_COMPILER_APPICON_NAME = AppIcon;
				ASSETCATALOG_COMPILER_GLOBAL_ACCENT_COLOR_NAME = AccentColor;
				CODE_SIGN_STYLE = Automatic;
				CURRENT_PROJECT_VERSION = 1;
				DEVELOPMENT_ASSET_PATHS = "\"GoalTracker/Preview Content\"";
				DEVELOPMENT_TEAM = 89TMJ964L4;
				ENABLE_PREVIEWS = YES;
				GENERATE_INFOPLIST_FILE = YES;
				INFOPLIST_KEY_UIApplicationSceneManifest_Generation = YES;
				INFOPLIST_KEY_UIApplicationSupportsIndirectInputEvents = YES;
				INFOPLIST_KEY_UILaunchScreen_Generation = YES;
				INFOPLIST_KEY_UISupportedInterfaceOrientations_iPad = "UIInterfaceOrientationPortrait UIInterfaceOrientationPortraitUpsideDown UIInterfaceOrientationLandscapeLeft UIInterfaceOrientationLandscapeRight";
				INFOPLIST_KEY_UISupportedInterfaceOrientations_iPhone = "UIInterfaceOrientationPortrait UIInterfaceOrientationLandscapeLeft UIInterfaceOrientationLandscapeRight";
				IPHONEOS_DEPLOYMENT_TARGET = 15.4;
				LD_RUNPATH_SEARCH_PATHS = (
					"$(inherited)",
					"@executable_path/Frameworks",
				);
				MARKETING_VERSION = 1.0;
				PRODUCT_BUNDLE_IDENTIFIER = com.agusart.GoalTracker;
				PRODUCT_NAME = "$(TARGET_NAME)";
				SWIFT_EMIT_LOC_STRINGS = YES;
				SWIFT_VERSION = 5.0;
				TARGETED_DEVICE_FAMILY = 1;
			};
			name = Release;
		};
		CBE314BD2862F3F600E88F35 /* Debug */ = {
			isa = XCBuildConfiguration;
			buildSettings = {
				ALWAYS_EMBED_SWIFT_STANDARD_LIBRARIES = YES;
				BUNDLE_LOADER = "$(TEST_HOST)";
				CODE_SIGN_STYLE = Automatic;
				CURRENT_PROJECT_VERSION = 1;
				DEVELOPMENT_TEAM = 89TMJ964L4;
				GENERATE_INFOPLIST_FILE = YES;
				IPHONEOS_DEPLOYMENT_TARGET = 15.5;
				MARKETING_VERSION = 1.0;
				PRODUCT_BUNDLE_IDENTIFIER = com.agusart.GoalTrackerTests;
				PRODUCT_NAME = "$(TARGET_NAME)";
				SWIFT_EMIT_LOC_STRINGS = NO;
				SWIFT_VERSION = 5.0;
				TARGETED_DEVICE_FAMILY = "1,2";
				TEST_HOST = "$(BUILT_PRODUCTS_DIR)/GoalTracker.app/GoalTracker";
			};
			name = Debug;
		};
		CBE314BE2862F3F600E88F35 /* Release */ = {
			isa = XCBuildConfiguration;
			buildSettings = {
				ALWAYS_EMBED_SWIFT_STANDARD_LIBRARIES = YES;
				BUNDLE_LOADER = "$(TEST_HOST)";
				CODE_SIGN_STYLE = Automatic;
				CURRENT_PROJECT_VERSION = 1;
				DEVELOPMENT_TEAM = 89TMJ964L4;
				GENERATE_INFOPLIST_FILE = YES;
				IPHONEOS_DEPLOYMENT_TARGET = 15.5;
				MARKETING_VERSION = 1.0;
				PRODUCT_BUNDLE_IDENTIFIER = com.agusart.GoalTrackerTests;
				PRODUCT_NAME = "$(TARGET_NAME)";
				SWIFT_EMIT_LOC_STRINGS = NO;
				SWIFT_VERSION = 5.0;
				TARGETED_DEVICE_FAMILY = "1,2";
				TEST_HOST = "$(BUILT_PRODUCTS_DIR)/GoalTracker.app/GoalTracker";
			};
			name = Release;
		};
		CBE314C02862F3F600E88F35 /* Debug */ = {
			isa = XCBuildConfiguration;
			buildSettings = {
				ALWAYS_EMBED_SWIFT_STANDARD_LIBRARIES = YES;
				CODE_SIGN_STYLE = Automatic;
				CURRENT_PROJECT_VERSION = 1;
				DEVELOPMENT_TEAM = 89TMJ964L4;
				GENERATE_INFOPLIST_FILE = YES;
				MARKETING_VERSION = 1.0;
				PRODUCT_BUNDLE_IDENTIFIER = com.agusart.GoalTrackerUITests;
				PRODUCT_NAME = "$(TARGET_NAME)";
				SWIFT_EMIT_LOC_STRINGS = NO;
				SWIFT_VERSION = 5.0;
				TARGETED_DEVICE_FAMILY = "1,2";
				TEST_TARGET_NAME = GoalTracker;
			};
			name = Debug;
		};
		CBE314C12862F3F600E88F35 /* Release */ = {
			isa = XCBuildConfiguration;
			buildSettings = {
				ALWAYS_EMBED_SWIFT_STANDARD_LIBRARIES = YES;
				CODE_SIGN_STYLE = Automatic;
				CURRENT_PROJECT_VERSION = 1;
				DEVELOPMENT_TEAM = 89TMJ964L4;
				GENERATE_INFOPLIST_FILE = YES;
				MARKETING_VERSION = 1.0;
				PRODUCT_BUNDLE_IDENTIFIER = com.agusart.GoalTrackerUITests;
				PRODUCT_NAME = "$(TARGET_NAME)";
				SWIFT_EMIT_LOC_STRINGS = NO;
				SWIFT_VERSION = 5.0;
				TARGETED_DEVICE_FAMILY = "1,2";
				TEST_TARGET_NAME = GoalTracker;
			};
			name = Release;
		};
/* End XCBuildConfiguration section */

/* Begin XCConfigurationList section */
		CBE3148B2862F3F500E88F35 /* Build configuration list for PBXProject "GoalTracker" */ = {
			isa = XCConfigurationList;
			buildConfigurations = (
				CBE314B72862F3F600E88F35 /* Debug */,
				CBE314B82862F3F600E88F35 /* Release */,
			);
			defaultConfigurationIsVisible = 0;
			defaultConfigurationName = Release;
		};
		CBE314B92862F3F600E88F35 /* Build configuration list for PBXNativeTarget "GoalTracker" */ = {
			isa = XCConfigurationList;
			buildConfigurations = (
				CBE314BA2862F3F600E88F35 /* Debug */,
				CBE314BB2862F3F600E88F35 /* Release */,
			);
			defaultConfigurationIsVisible = 0;
			defaultConfigurationName = Release;
		};
		CBE314BC2862F3F600E88F35 /* Build configuration list for PBXNativeTarget "GoalTrackerTests" */ = {
			isa = XCConfigurationList;
			buildConfigurations = (
				CBE314BD2862F3F600E88F35 /* Debug */,
				CBE314BE2862F3F600E88F35 /* Release */,
			);
			defaultConfigurationIsVisible = 0;
			defaultConfigurationName = Release;
		};
		CBE314BF2862F3F600E88F35 /* Build configuration list for PBXNativeTarget "GoalTrackerUITests" */ = {
			isa = XCConfigurationList;
			buildConfigurations = (
				CBE314C02862F3F600E88F35 /* Debug */,
				CBE314C12862F3F600E88F35 /* Release */,
			);
			defaultConfigurationIsVisible = 0;
			defaultConfigurationName = Release;
		};
/* End XCConfigurationList section */

/* Begin XCRemoteSwiftPackageReference section */
		CB6CF972286B634300828A54 /* XCRemoteSwiftPackageReference "swiftui-navigation" */ = {
			isa = XCRemoteSwiftPackageReference;
			repositoryURL = "https://github.com/pointfreeco/swiftui-navigation";
			requirement = {
				branch = main;
				kind = branch;
			};
		};
		CB6CF97F286CA92D00828A54 /* XCRemoteSwiftPackageReference "SwiftUI-Introspect" */ = {
			isa = XCRemoteSwiftPackageReference;
			repositoryURL = "https://github.com/siteline/SwiftUI-Introspect";
			requirement = {
				kind = upToNextMajorVersion;
				minimumVersion = 0.1.4;
			};
		};
/* End XCRemoteSwiftPackageReference section */

/* Begin XCSwiftPackageProductDependency section */
		CB6CF973286B634300828A54 /* SwiftUINavigation */ = {
			isa = XCSwiftPackageProductDependency;
			package = CB6CF972286B634300828A54 /* XCRemoteSwiftPackageReference "swiftui-navigation" */;
			productName = SwiftUINavigation;
		};
		CB6CF980286CA92D00828A54 /* Introspect */ = {
			isa = XCSwiftPackageProductDependency;
			package = CB6CF97F286CA92D00828A54 /* XCRemoteSwiftPackageReference "SwiftUI-Introspect" */;
			productName = Introspect;
		};
/* End XCSwiftPackageProductDependency section */

/* Begin XCVersionGroup section */
		CBE3149E2862F3F600E88F35 /* GoalTracker.xcdatamodeld */ = {
			isa = XCVersionGroup;
			children = (
				CBE3149F2862F3F600E88F35 /* GoalTracker.xcdatamodel */,
			);
			currentVersion = CBE3149F2862F3F600E88F35 /* GoalTracker.xcdatamodel */;
			path = GoalTracker.xcdatamodeld;
			sourceTree = "<group>";
			versionGroupType = wrapper.xcdatamodel;
		};
/* End XCVersionGroup section */
	};
	rootObject = CBE314882862F3F500E88F35 /* Project object */;
}
